
Microsoft Visual Studio Solution File, Format Version 12.00
# Visual Studio Version 17
VisualStudioVersion = 17.14.36202.13 d17.14
MinimumVisualStudioVersion = 10.0.40219.1
Project("{FAE04EC0-301F-11D3-BF4B-00C04F79EFBC}") = "Attandance_System", "Attandance_System\Attandance_System.csproj", "{099BA0F3-D1DD-449A-80FB-ABE19A45E00D}"
EndProject
Global
	GlobalSection(SolutionConfigurationPlatforms) = preSolution
		Debug|Any CPU = Debug|Any CPU
		Release|Any CPU = Release|Any CPU
	EndGlobalSection
	GlobalSection(ProjectConfigurationPlatforms) = postSolution
		{099BA0F3-D1DD-449A-80FB-ABE19A45E00D}.Debug|Any CPU.ActiveCfg = Debug|Any CPU
		{099BA0F3-D1DD-449A-80FB-ABE19A45E00D}.Debug|Any CPU.Build.0 = Debug|Any CPU
		{099BA0F3-D1DD-449A-80FB-ABE19A45E00D}.Release|Any CPU.ActiveCfg = Release|Any CPU
		{099BA0F3-D1DD-449A-80FB-ABE19A45E00D}.Release|Any CPU.Build.0 = Release|Any CPU
	EndGlobalSection
	GlobalSection(SolutionProperties) = preSolution
		HideSolutionNode = FALSE
	EndGlobalSection
	GlobalSection(ExtensibilityGlobals) = postSolution
		SolutionGuid = {4F031BE9-2DA6-46F8-A240-BB4233541ADB}
	EndGlobalSection
EndGlobal
